{
  "version": 4,
  "terraform_version": "1.3.7",
  "serial": 53,
  "lineage": "23e934d6-5e05-8d2c-6774-c4f2602076a2",
  "outputs": {
    "endpoint": {
      "value": "https://706BA3C044BB1CDC2665CD8C4A229A5E.yl4.ap-south-1.eks.amazonaws.com",
      "type": "string"
    }
  },
  "resources": [
    {
      "mode": "data",
      "type": "aws_iam_policy_document",
      "name": "ayush_assume_role_policy",
      "provider": "provider[\"registry.terraform.io/hashicorp/aws\"]",
      "instances": [
        {
          "schema_version": 0,
          "attributes": {
            "id": "189502314",
            "json": "{\n  \"Version\": \"2012-10-17\",\n  \"Statement\": [\n    {\n      \"Sid\": \"\",\n      \"Effect\": \"Allow\",\n      \"Action\": \"sts:AssumeRole\",\n      \"Principal\": {\n        \"Service\": \"eks.amazonaws.com\"\n      }\n    }\n  ]\n}",
            "override_json": null,
            "override_policy_documents": null,
            "policy_id": null,
            "source_json": null,
            "source_policy_documents": null,
            "statement": [
              {
                "actions": [
                  "sts:AssumeRole"
                ],
                "condition": [],
                "effect": "Allow",
                "not_actions": [],
                "not_principals": [],
                "not_resources": [],
                "principals": [
                  {
                    "identifiers": [
                      "eks.amazonaws.com"
                    ],
                    "type": "Service"
                  }
                ],
                "resources": [],
                "sid": ""
              }
            ],
            "version": "2012-10-17"
          },
          "sensitive_attributes": []
        }
      ]
    },
    {
      "mode": "data",
      "type": "aws_iam_policy_document",
      "name": "ayush_assume_role_policy_for_worker_node",
      "provider": "provider[\"registry.terraform.io/hashicorp/aws\"]",
      "instances": [
        {
          "schema_version": 0,
          "attributes": {
            "id": "1903849331",
            "json": "{\n  \"Version\": \"2012-10-17\",\n  \"Statement\": [\n    {\n      \"Sid\": \"\",\n      \"Effect\": \"Allow\",\n      \"Action\": \"sts:AssumeRole\",\n      \"Principal\": {\n        \"Service\": \"ec2.amazonaws.com\"\n      }\n    }\n  ]\n}",
            "override_json": null,
            "override_policy_documents": null,
            "policy_id": null,
            "source_json": null,
            "source_policy_documents": null,
            "statement": [
              {
                "actions": [
                  "sts:AssumeRole"
                ],
                "condition": [],
                "effect": "Allow",
                "not_actions": [],
                "not_principals": [],
                "not_resources": [],
                "principals": [
                  {
                    "identifiers": [
                      "ec2.amazonaws.com"
                    ],
                    "type": "Service"
                  }
                ],
                "resources": [],
                "sid": ""
              }
            ],
            "version": "2012-10-17"
          },
          "sensitive_attributes": []
        }
      ]
    },
    {
      "mode": "managed",
      "type": "aws_eks_cluster",
      "name": "ayush_infra_eks_cluster",
      "provider": "provider[\"registry.terraform.io/hashicorp/aws\"]",
      "instances": [
        {
          "schema_version": 0,
          "attributes": {
            "arn": "arn:aws:eks:ap-south-1:489455091964:cluster/ayush_infra_eks_cluster",
            "certificate_authority": [
              {
                "data": "LS0tLS1CRUdJTiBDRVJUSUZJQ0FURS0tLS0tCk1JSUMvakNDQWVhZ0F3SUJBZ0lCQURBTkJna3Foa2lHOXcwQkFRc0ZBREFWTVJNd0VRWURWUVFERXdwcmRXSmwKY201bGRHVnpNQjRYRFRJek1ESXhOVEEwTWpRek9Gb1hEVE16TURJeE1qQTBNalF6T0Zvd0ZURVRNQkVHQTFVRQpBeE1LYTNWaVpYSnVaWFJsY3pDQ0FTSXdEUVlKS29aSWh2Y05BUUVCQlFBRGdnRVBBRENDQVFvQ2dnRUJBTE03CmxlMGZPa3RYN2Z3dHFSUzhGOStWSUlOUzJ6UUJCT1BiTVNwK0I5UCsvY3Fja3V6R0JGaEpsQ09MenhhSGZzWkEKelhVTDRiWVp2aDdTNUpab25zdjkvZ2tobVVTc1ZWYUcxNy9mekZGTGRra24zcEIzQ3BGV29oSEZOVFh0S2x4bgpXTllHS01DVFlpZHJ2VVFzTWZPdlNNRjRPN2o0cGt1aUVtUi91SUVJN1RCZTVWRzdsL25DeWRzSmFwOXhaZW1JCk5TM1hwZnE5Rzh1ejZLaGJHcUJEN2U0M0tocDlKMEZhL2VhWXdKTGMyVWdFKzRNV3A3bGkrVXd2QTJYVVhKcDkKOXZzK2RWbkhRYkpMMFI1V2IycnRPWVFSTjhRUGY5ODU2N0xVekVkTVgvVENRdWdDUkVHSG43cnJNcTBJN2xrVApOMElFWDV2cEJTTXFVOUxjR2c4Q0F3RUFBYU5aTUZjd0RnWURWUjBQQVFIL0JBUURBZ0trTUE4R0ExVWRFd0VCCi93UUZNQU1CQWY4d0hRWURWUjBPQkJZRUZHWXpPV25nSmpZa0RhQWFvZ21QbVpqWVhOcjdNQlVHQTFVZEVRUU8KTUF5Q0NtdDFZbVZ5Ym1WMFpYTXdEUVlKS29aSWh2Y05BUUVMQlFBRGdnRUJBQjJiQlpDRzlRUExyaDE0QmhkeAp2N2JGcGNLa1BISkZkR2NjbjhESkg5bjJVNVRiTWtOSlVOdmN4MmFyMUZJbTdpbEI3bk01SWwvMm84YTFLZTBUCncrZEFrZldmN2R1UDUraXpPVlZuVjk3cldqUndCK0hEOHRocXExYXVkYlBlN2t6WHg1ODcxUlozWEFORjdyZ3QKcW5zRmx3SHVTTk8yRzJZbkRwMDFPVDRNN3ZVVFNWcmoxNkl5dTFMWWlkM2FKT2dVQ2ZzYmdUNzZ3WFNEZ2VCNwpGdElrNGZVUXdpM1FlMy9YZ3MyYTRGaFEwTHVZNms3UWdiMG56bmFnYWxnVXN3WjN5M0lubGFWL3NGYURwbS9rCjZNSzRpVGFtNEJURHE0OFVBZUJ4eHpHQmdoQWlvOHlEZG02eFVtcnJzTFZPdzNjc24wZkRiTjluM3JRZWoybUUKNmRZPQotLS0tLUVORCBDRVJUSUZJQ0FURS0tLS0tCg=="
              }
            ],
            "cluster_id": null,
            "created_at": "2023-02-15 04:19:47.053 +0000 UTC",
            "enabled_cluster_log_types": [],
            "encryption_config": [],
            "endpoint": "https://706BA3C044BB1CDC2665CD8C4A229A5E.yl4.ap-south-1.eks.amazonaws.com",
            "id": "ayush_infra_eks_cluster",
            "identity": [
              {
                "oidc": [
                  {
                    "issuer": "https://oidc.eks.ap-south-1.amazonaws.com/id/706BA3C044BB1CDC2665CD8C4A229A5E"
                  }
                ]
              }
            ],
            "kubernetes_network_config": [
              {
                "ip_family": "ipv4",
                "service_ipv4_cidr": "10.100.0.0/16",
                "service_ipv6_cidr": ""
              }
            ],
            "name": "ayush_infra_eks_cluster",
            "outpost_config": [],
            "platform_version": "eks.4",
            "role_arn": "arn:aws:iam::489455091964:role/ayush_infra_iam_role",
            "status": "ACTIVE",
            "tags": {},
            "tags_all": {},
            "timeouts": null,
            "version": "1.24",
            "vpc_config": [
              {
                "cluster_security_group_id": "sg-067edc85e31701323",
                "endpoint_private_access": false,
                "endpoint_public_access": true,
                "public_access_cidrs": [
                  "0.0.0.0/0"
                ],
                "security_group_ids": [
                  "sg-09df6764adff3236b"
                ],
                "subnet_ids": [
                  "subnet-097dcf4c27c763332",
                  "subnet-097e8dccbf700f80b",
                  "subnet-0d6cf0838053435a9",
                  "subnet-0d9c79b537d591ab2"
                ],
                "vpc_id": "vpc-087d9a138cb75a809"
              }
            ]
          },
          "sensitive_attributes": [],
          "private": "eyJlMmJmYjczMC1lY2FhLTExZTYtOGY4OC0zNDM2M2JjN2M0YzAiOnsiY3JlYXRlIjoxODAwMDAwMDAwMDAwLCJkZWxldGUiOjkwMDAwMDAwMDAwMCwidXBkYXRlIjozNjAwMDAwMDAwMDAwfX0=",
          "dependencies": [
            "aws_iam_role.ayush_infra_iam_role",
            "aws_security_group.ayush_infra_sg",
            "data.aws_iam_policy_document.ayush_assume_role_policy"
          ]
        }
      ]
    },
    {
      "mode": "managed",
      "type": "aws_eks_node_group",
      "name": "ayush_infra_node_group",
      "provider": "provider[\"registry.terraform.io/hashicorp/aws\"]",
      "instances": [
        {
          "schema_version": 0,
          "attributes": {
            "ami_type": "AL2_x86_64",
            "arn": "arn:aws:eks:ap-south-1:489455091964:nodegroup/ayush_infra_eks_cluster/ayush_infra_node_group/e6c329d8-a20c-2392-9efc-ac77cfe44c7f",
            "capacity_type": "ON_DEMAND",
            "cluster_name": "ayush_infra_eks_cluster",
            "disk_size": 20,
            "force_update_version": null,
            "id": "ayush_infra_eks_cluster:ayush_infra_node_group",
            "instance_types": [
              "t2.small"
            ],
            "labels": null,
            "launch_template": [],
            "node_group_name": "ayush_infra_node_group",
            "node_group_name_prefix": "",
            "node_role_arn": "arn:aws:iam::489455091964:role/ayush_infra_iam_role_for_worker_node",
            "release_version": "1.24.9-20230203",
            "remote_access": [],
            "resources": [
              {
                "autoscaling_groups": [
                  {
                    "name": "eks-ayush_infra_node_group-e6c329d8-a20c-2392-9efc-ac77cfe44c7f"
                  }
                ],
                "remote_access_security_group_id": ""
              }
            ],
            "scaling_config": [
              {
                "desired_size": 2,
                "max_size": 2,
                "min_size": 2
              }
            ],
            "status": "ACTIVE",
            "subnet_ids": [
              "subnet-097dcf4c27c763332",
              "subnet-097e8dccbf700f80b",
              "subnet-0d6cf0838053435a9",
              "subnet-0d9c79b537d591ab2"
            ],
            "tags": null,
            "tags_all": {},
            "taint": [],
            "timeouts": null,
            "update_config": [
              {
                "max_unavailable": 1,
                "max_unavailable_percentage": 0
              }
            ],
            "version": "1.24"
          },
          "sensitive_attributes": [],
          "private": "eyJlMmJmYjczMC1lY2FhLTExZTYtOGY4OC0zNDM2M2JjN2M0YzAiOnsiY3JlYXRlIjozNjAwMDAwMDAwMDAwLCJkZWxldGUiOjM2MDAwMDAwMDAwMDAsInVwZGF0ZSI6MzYwMDAwMDAwMDAwMH19",
          "dependencies": [
            "aws_eks_cluster.ayush_infra_eks_cluster",
            "aws_iam_policy_attachment.AmazonEC2ContainerRegistryReadOnly_attachment",
            "aws_iam_policy_attachment.AmazonEKSWorkerNodePolicy_attachment",
            "aws_iam_policy_attachment.AmazonEKS_CNI_Policy_attachment",
            "aws_iam_role.ayush_infra_iam_role_for_worker_node"
          ]
        }
      ]
    },
    {
      "mode": "managed",
      "type": "aws_iam_policy_attachment",
      "name": "AmazonEC2ContainerRegistryReadOnly_attachment",
      "provider": "provider[\"registry.terraform.io/hashicorp/aws\"]",
      "instances": [
        {
          "schema_version": 0,
          "attributes": {
            "groups": [],
            "id": "AmazonEC2ContainerRegistryReadOnly_attachment",
            "name": "AmazonEC2ContainerRegistryReadOnly_attachment",
            "policy_arn": "arn:aws:iam::aws:policy/AmazonEC2ContainerRegistryReadOnly",
            "roles": [
              "ayush_infra_iam_role_for_worker_node"
            ],
            "users": []
          },
          "sensitive_attributes": [],
          "private": "bnVsbA==",
          "dependencies": [
            "aws_iam_role.ayush_infra_iam_role_for_worker_node"
          ]
        }
      ]
    },
    {
      "mode": "managed",
      "type": "aws_iam_policy_attachment",
      "name": "AmazonEKSWorkerNodePolicy_attachment",
      "provider": "provider[\"registry.terraform.io/hashicorp/aws\"]",
      "instances": [
        {
          "schema_version": 0,
          "attributes": {
            "groups": [],
            "id": "AmazonEKSWorkerNodePolicy_attachment",
            "name": "AmazonEKSWorkerNodePolicy_attachment",
            "policy_arn": "arn:aws:iam::aws:policy/AmazonEKSWorkerNodePolicy",
            "roles": [
              "ayush_infra_iam_role_for_worker_node"
            ],
            "users": []
          },
          "sensitive_attributes": [],
          "private": "bnVsbA==",
          "dependencies": [
            "aws_iam_role.ayush_infra_iam_role_for_worker_node"
          ]
        }
      ]
    },
    {
      "mode": "managed",
      "type": "aws_iam_policy_attachment",
      "name": "AmazonEKS_CNI_Policy_attachment",
      "provider": "provider[\"registry.terraform.io/hashicorp/aws\"]",
      "instances": [
        {
          "schema_version": 0,
          "attributes": {
            "groups": [],
            "id": "AmazonEKS_CNI_Policy_attachment",
            "name": "AmazonEKS_CNI_Policy_attachment",
            "policy_arn": "arn:aws:iam::aws:policy/AmazonEKS_CNI_Policy",
            "roles": [
              "ayush_infra_iam_role_for_worker_node"
            ],
            "users": []
          },
          "sensitive_attributes": [],
          "private": "bnVsbA==",
          "dependencies": [
            "aws_iam_role.ayush_infra_iam_role_for_worker_node"
          ]
        }
      ]
    },
    {
      "mode": "managed",
      "type": "aws_iam_policy_attachment",
      "name": "ayush_policy_attachment",
      "provider": "provider[\"registry.terraform.io/hashicorp/aws\"]",
      "instances": [
        {
          "schema_version": 0,
          "attributes": {
            "groups": [],
            "id": "ayush_policy_attachment",
            "name": "ayush_policy_attachment",
            "policy_arn": "arn:aws:iam::aws:policy/AmazonEKSClusterPolicy",
            "roles": [
              "ayush_infra_iam_role"
            ],
            "users": []
          },
          "sensitive_attributes": [],
          "private": "bnVsbA==",
          "dependencies": [
            "aws_iam_role.ayush_infra_iam_role"
          ]
        }
      ]
    },
    {
      "mode": "managed",
      "type": "aws_iam_role",
      "name": "ayush_infra_iam_role",
      "provider": "provider[\"registry.terraform.io/hashicorp/aws\"]",
      "instances": [
        {
          "schema_version": 0,
          "attributes": {
            "arn": "arn:aws:iam::489455091964:role/ayush_infra_iam_role",
            "assume_role_policy": "{\"Statement\":[{\"Action\":\"sts:AssumeRole\",\"Effect\":\"Allow\",\"Principal\":{\"Service\":\"eks.amazonaws.com\"},\"Sid\":\"\"}],\"Version\":\"2012-10-17\"}",
            "create_date": "2023-02-15T04:19:44Z",
            "description": "",
            "force_detach_policies": false,
            "id": "ayush_infra_iam_role",
            "inline_policy": [],
            "managed_policy_arns": [],
            "max_session_duration": 3600,
            "name": "ayush_infra_iam_role",
            "name_prefix": "",
            "path": "/",
            "permissions_boundary": null,
            "tags": {},
            "tags_all": {},
            "unique_id": "AROAXD5OMAD6CKOLSLPCB"
          },
          "sensitive_attributes": [],
          "private": "bnVsbA==",
          "dependencies": [
            "data.aws_iam_policy_document.ayush_assume_role_policy"
          ]
        }
      ]
    },
    {
      "mode": "managed",
      "type": "aws_iam_role",
      "name": "ayush_infra_iam_role_for_worker_node",
      "provider": "provider[\"registry.terraform.io/hashicorp/aws\"]",
      "instances": [
        {
          "schema_version": 0,
          "attributes": {
            "arn": "arn:aws:iam::489455091964:role/ayush_infra_iam_role_for_worker_node",
            "assume_role_policy": "{\"Statement\":[{\"Action\":\"sts:AssumeRole\",\"Effect\":\"Allow\",\"Principal\":{\"Service\":\"ec2.amazonaws.com\"},\"Sid\":\"\"}],\"Version\":\"2012-10-17\"}",
            "create_date": "2023-02-15T04:19:44Z",
            "description": "",
            "force_detach_policies": false,
            "id": "ayush_infra_iam_role_for_worker_node",
            "inline_policy": [],
            "managed_policy_arns": [],
            "max_session_duration": 3600,
            "name": "ayush_infra_iam_role_for_worker_node",
            "name_prefix": "",
            "path": "/",
            "permissions_boundary": null,
            "tags": {},
            "tags_all": {},
            "unique_id": "AROAXD5OMAD6FOPECX75S"
          },
          "sensitive_attributes": [],
          "private": "bnVsbA==",
          "dependencies": [
            "data.aws_iam_policy_document.ayush_assume_role_policy_for_worker_node"
          ]
        }
      ]
    },
    {
      "mode": "managed",
      "type": "aws_security_group",
      "name": "ayush_infra_sg",
      "provider": "provider[\"registry.terraform.io/hashicorp/aws\"]",
      "instances": [
        {
          "schema_version": 1,
          "attributes": {
            "arn": "arn:aws:ec2:ap-south-1:489455091964:security-group/sg-09df6764adff3236b",
            "description": "Allow HTTP and SSH inbound traffic",
            "egress": [
              {
                "cidr_blocks": [
                  "0.0.0.0/0"
                ],
                "description": "",
                "from_port": 0,
                "ipv6_cidr_blocks": [],
                "prefix_list_ids": [],
                "protocol": "-1",
                "security_groups": [],
                "self": false,
                "to_port": 0
              }
            ],
            "id": "sg-09df6764adff3236b",
            "ingress": [
              {
                "cidr_blocks": [
                  "27.7.157.183/32"
                ],
                "description": "",
                "from_port": 22,
                "ipv6_cidr_blocks": [],
                "prefix_list_ids": [],
                "protocol": "tcp",
                "security_groups": [],
                "self": false,
                "to_port": 22
              },
              {
                "cidr_blocks": [
                  "27.7.157.183/32"
                ],
                "description": "",
                "from_port": 80,
                "ipv6_cidr_blocks": [],
                "prefix_list_ids": [],
                "protocol": "tcp",
                "security_groups": [],
                "self": false,
                "to_port": 80
              }
            ],
            "name": "ayush_infra_sg",
            "name_prefix": "",
            "owner_id": "489455091964",
            "revoke_rules_on_delete": false,
            "tags": {},
            "tags_all": {},
            "timeouts": null,
            "vpc_id": "vpc-087d9a138cb75a809"
          },
          "sensitive_attributes": [],
          "private": "eyJlMmJmYjczMC1lY2FhLTExZTYtOGY4OC0zNDM2M2JjN2M0YzAiOnsiY3JlYXRlIjo2MDAwMDAwMDAwMDAsImRlbGV0ZSI6OTAwMDAwMDAwMDAwfSwic2NoZW1hX3ZlcnNpb24iOiIxIn0="
        }
      ]
    }
  ],
  "check_results": null
}
